{
  "name": "My_Project_MongoDB",
  "lockfileVersion": 3,
  "requires": true,
  "packages": {
    "": {
      "name": "My_Project_MongoDB",
      "dependencies": {
        "make": "^0.0.0"
      }
    },
    "node_modules/make": {
      "version": "0.0.0",
      "resolved": "https://registry.npmjs.org/make/-/make-0.0.0.tgz",
      "integrity": "sha512-Vpl+1xUyAtGtrK2HixcjEQB7MIEsGzJbCbkfmmqdQmf9mAaF+sY/uGiOZ1SszBeXRlKJt5GiwhsNVV5KVJf/Ew=="
    }
  }
}
